
Microsoft Visual Studio Solution File, Format Version 12.00
# Visual Studio 14
VisualStudioVersion = 14.0.25420.1
MinimumVisualStudioVersion = 10.0.40219.1
Project("{FAE04EC0-301F-11D3-BF4B-00C04F79EFBC}") = "ProjectB8220", "ProjectB8220\ProjectB8220.csproj", "{FEBD1610-1199-4E86-A315-E1F601042C4B}"
EndProject
Project("{FAE04EC0-301F-11D3-BF4B-00C04F79EFBC}") = "Project.Models", "Project.Models\Project.Models.csproj", "{C8555C7B-C5FA-471C-B2B1-5871CB040F91}"
EndProject
Project("{FAE04EC0-301F-11D3-BF4B-00C04F79EFBC}") = "Project.BAL", "Project.BAL\Project.BAL.csproj", "{B817A28F-3D59-42BB-BF8E-9D57F1A1D3F5}"
EndProject
Global
	GlobalSection(SolutionConfigurationPlatforms) = preSolution
		Debug|Any CPU = Debug|Any CPU
		Release|Any CPU = Release|Any CPU
	EndGlobalSection
	GlobalSection(ProjectConfigurationPlatforms) = postSolution
		{FEBD1610-1199-4E86-A315-E1F601042C4B}.Debug|Any CPU.ActiveCfg = Debug|Any CPU
		{FEBD1610-1199-4E86-A315-E1F601042C4B}.Debug|Any CPU.Build.0 = Debug|Any CPU
		{FEBD1610-1199-4E86-A315-E1F601042C4B}.Release|Any CPU.ActiveCfg = Release|Any CPU
		{FEBD1610-1199-4E86-A315-E1F601042C4B}.Release|Any CPU.Build.0 = Release|Any CPU
		{C8555C7B-C5FA-471C-B2B1-5871CB040F91}.Debug|Any CPU.ActiveCfg = Debug|Any CPU
		{C8555C7B-C5FA-471C-B2B1-5871CB040F91}.Debug|Any CPU.Build.0 = Debug|Any CPU
		{C8555C7B-C5FA-471C-B2B1-5871CB040F91}.Release|Any CPU.ActiveCfg = Release|Any CPU
		{C8555C7B-C5FA-471C-B2B1-5871CB040F91}.Release|Any CPU.Build.0 = Release|Any CPU
		{B817A28F-3D59-42BB-BF8E-9D57F1A1D3F5}.Debug|Any CPU.ActiveCfg = Debug|Any CPU
		{B817A28F-3D59-42BB-BF8E-9D57F1A1D3F5}.Debug|Any CPU.Build.0 = Debug|Any CPU
		{B817A28F-3D59-42BB-BF8E-9D57F1A1D3F5}.Release|Any CPU.ActiveCfg = Release|Any CPU
		{B817A28F-3D59-42BB-BF8E-9D57F1A1D3F5}.Release|Any CPU.Build.0 = Release|Any CPU
	EndGlobalSection
	GlobalSection(SolutionProperties) = preSolution
		HideSolutionNode = FALSE
	EndGlobalSection
EndGlobal
